
Microsoft Visual Studio Solution File, Format Version 12.00
# Visual Studio 15
VisualStudioVersion = 15.0.28307.902
MinimumVisualStudioVersion = 10.0.40219.1
Project("{FAE04EC0-301F-11D3-BF4B-00C04F79EFBC}") = "WebApplication2", "WebApplication2\WebApplication2.csproj", "{EBB1C705-5662-4C96-8464-19565EFB2924}"
EndProject
Project("{FAE04EC0-301F-11D3-BF4B-00C04F79EFBC}") = "Library", "Library\Library.csproj", "{B673901C-65FD-42ED-B603-9F9B5E29795D}"
EndProject
Global
	GlobalSection(SolutionConfigurationPlatforms) = preSolution
		Debug|Any CPU = Debug|Any CPU
		Release|Any CPU = Release|Any CPU
	EndGlobalSection
	GlobalSection(ProjectConfigurationPlatforms) = postSolution
		{EBB1C705-5662-4C96-8464-19565EFB2924}.Debug|Any CPU.ActiveCfg = Debug|Any CPU
		{EBB1C705-5662-4C96-8464-19565EFB2924}.Debug|Any CPU.Build.0 = Debug|Any CPU
		{EBB1C705-5662-4C96-8464-19565EFB2924}.Release|Any CPU.ActiveCfg = Release|Any CPU
		{EBB1C705-5662-4C96-8464-19565EFB2924}.Release|Any CPU.Build.0 = Release|Any CPU
		{B673901C-65FD-42ED-B603-9F9B5E29795D}.Debug|Any CPU.ActiveCfg = Debug|Any CPU
		{B673901C-65FD-42ED-B603-9F9B5E29795D}.Debug|Any CPU.Build.0 = Debug|Any CPU
		{B673901C-65FD-42ED-B603-9F9B5E29795D}.Release|Any CPU.ActiveCfg = Release|Any CPU
		{B673901C-65FD-42ED-B603-9F9B5E29795D}.Release|Any CPU.Build.0 = Release|Any CPU
	EndGlobalSection
	GlobalSection(SolutionProperties) = preSolution
		HideSolutionNode = FALSE
	EndGlobalSection
	GlobalSection(ExtensibilityGlobals) = postSolution
		SolutionGuid = {A4F9FF7A-4279-4576-B58D-6FDDD1162B26}
	EndGlobalSection
EndGlobal
